
Microsoft Visual Studio Solution File, Format Version 12.00
# Visual Studio Version 17
VisualStudioVersion = 17.9.34622.214
MinimumVisualStudioVersion = 10.0.40219.1
Project("{FAE04EC0-301F-11D3-BF4B-00C04F79EFBC}") = "CarApplication", "CarApplication\CarApplication.csproj", "{A465C8C1-159C-42F2-9564-1A9BB978A294}"
EndProject
Global
	GlobalSection(SolutionConfigurationPlatforms) = preSolution
		Debug|Any CPU = Debug|Any CPU
		Release|Any CPU = Release|Any CPU
	EndGlobalSection
	GlobalSection(ProjectConfigurationPlatforms) = postSolution
		{A465C8C1-159C-42F2-9564-1A9BB978A294}.Debug|Any CPU.ActiveCfg = Debug|Any CPU
		{A465C8C1-159C-42F2-9564-1A9BB978A294}.Debug|Any CPU.Build.0 = Debug|Any CPU
		{A465C8C1-159C-42F2-9564-1A9BB978A294}.Release|Any CPU.ActiveCfg = Release|Any CPU
		{A465C8C1-159C-42F2-9564-1A9BB978A294}.Release|Any CPU.Build.0 = Release|Any CPU
	EndGlobalSection
	GlobalSection(SolutionProperties) = preSolution
		HideSolutionNode = FALSE
	EndGlobalSection
	GlobalSection(ExtensibilityGlobals) = postSolution
		SolutionGuid = {CE2FB752-5530-46D8-99FE-921B584801AC}
	EndGlobalSection
EndGlobal
